
Microsoft Visual Studio Solution File, Format Version 12.00
# Visual Studio Version 17
VisualStudioVersion = 17.3.32714.290
MinimumVisualStudioVersion = 10.0.40219.1
Project("{9A19103F-16F7-4668-BE54-9A1E7A4F7556}") = "Server", "Server.csproj", "{D655C85A-A30E-4613-8BA4-592B61166E4B}"
EndProject
Global
	GlobalSection(SolutionConfigurationPlatforms) = preSolution
		Debug|Any CPU = Debug|Any CPU
		Release|Any CPU = Release|Any CPU
	EndGlobalSection
	GlobalSection(ProjectConfigurationPlatforms) = postSolution
		{D655C85A-A30E-4613-8BA4-592B61166E4B}.Debug|Any CPU.ActiveCfg = Debug|Any CPU
		{D655C85A-A30E-4613-8BA4-592B61166E4B}.Debug|Any CPU.Build.0 = Debug|Any CPU
		{D655C85A-A30E-4613-8BA4-592B61166E4B}.Release|Any CPU.ActiveCfg = Release|Any CPU
		{D655C85A-A30E-4613-8BA4-592B61166E4B}.Release|Any CPU.Build.0 = Release|Any CPU
	EndGlobalSection
	GlobalSection(SolutionProperties) = preSolution
		HideSolutionNode = FALSE
	EndGlobalSection
	GlobalSection(ExtensibilityGlobals) = postSolution
		SolutionGuid = {AEB7DE7B-5DB7-42C4-AF08-7BE430A0CF27}
	EndGlobalSection
EndGlobal
